
Microsoft Visual Studio Solution File, Format Version 12.00
# Visual Studio Version 17
VisualStudioVersion = 17.11.35312.102
MinimumVisualStudioVersion = 10.0.40219.1
Project("{FAE04EC0-301F-11D3-BF4B-00C04F79EFBC}") = "SheridanNGO", "SheridanNGO\SheridanNGO.csproj", "{EBF6C953-437C-4A67-A6B4-E7C3D48E428B}"
EndProject
Global
	GlobalSection(SolutionConfigurationPlatforms) = preSolution
		Debug|Any CPU = Debug|Any CPU
		Release|Any CPU = Release|Any CPU
	EndGlobalSection
	GlobalSection(ProjectConfigurationPlatforms) = postSolution
		{EBF6C953-437C-4A67-A6B4-E7C3D48E428B}.Debug|Any CPU.ActiveCfg = Debug|Any CPU
		{EBF6C953-437C-4A67-A6B4-E7C3D48E428B}.Debug|Any CPU.Build.0 = Debug|Any CPU
		{EBF6C953-437C-4A67-A6B4-E7C3D48E428B}.Release|Any CPU.ActiveCfg = Release|Any CPU
		{EBF6C953-437C-4A67-A6B4-E7C3D48E428B}.Release|Any CPU.Build.0 = Release|Any CPU
	EndGlobalSection
	GlobalSection(SolutionProperties) = preSolution
		HideSolutionNode = FALSE
	EndGlobalSection
	GlobalSection(ExtensibilityGlobals) = postSolution
		SolutionGuid = {9C34AA86-2B7D-48A0-98D4-F5383B8C2D43}
	EndGlobalSection
EndGlobal
